
Microsoft Visual Studio Solution File, Format Version 12.00
# Visual Studio Version 16
VisualStudioVersion = 16.0.30503.244
MinimumVisualStudioVersion = 10.0.40219.1
Project("{FAE04EC0-301F-11D3-BF4B-00C04F79EFBC}") = "DoS .net Core Example", "DoS .net Core Example.csproj", "{6FDB5111-9A20-48A7-B902-5F7DF5EA3429}"
EndProject
Global
	GlobalSection(SolutionConfigurationPlatforms) = preSolution
		Debug|Any CPU = Debug|Any CPU
		Release|Any CPU = Release|Any CPU
	EndGlobalSection
	GlobalSection(ProjectConfigurationPlatforms) = postSolution
		{6FDB5111-9A20-48A7-B902-5F7DF5EA3429}.Debug|Any CPU.ActiveCfg = Debug|Any CPU
		{6FDB5111-9A20-48A7-B902-5F7DF5EA3429}.Debug|Any CPU.Build.0 = Debug|Any CPU
		{6FDB5111-9A20-48A7-B902-5F7DF5EA3429}.Release|Any CPU.ActiveCfg = Release|Any CPU
		{6FDB5111-9A20-48A7-B902-5F7DF5EA3429}.Release|Any CPU.Build.0 = Release|Any CPU
	EndGlobalSection
	GlobalSection(SolutionProperties) = preSolution
		HideSolutionNode = FALSE
	EndGlobalSection
	GlobalSection(ExtensibilityGlobals) = postSolution
		SolutionGuid = {AB785E9A-A205-4B30-BA59-8C1614841694}
	EndGlobalSection
EndGlobal
